
Microsoft Visual Studio Solution File, Format Version 12.00
# Visual Studio Version 17
VisualStudioVersion = 17.1.32319.34
MinimumVisualStudioVersion = 10.0.40219.1
Project("{FAE04EC0-301F-11D3-BF4B-00C04F79EFBC}") = "Xamarin.Demo.App.UWP", "Xamarin.Demo.App\Xamarin.Demo.App.UWP\Xamarin.Demo.App.UWP.csproj", "{8E6A2494-EF52-424A-9427-C5E68A82E532}"
EndProject
Project("{FAE04EC0-301F-11D3-BF4B-00C04F79EFBC}") = "Xamarin.Demo.App.Android", "Xamarin.Demo.App\Xamarin.Demo.App.Android\Xamarin.Demo.App.Android.csproj", "{61644270-1EA3-4380-8519-7F6D045661D0}"
EndProject
Project("{FAE04EC0-301F-11D3-BF4B-00C04F79EFBC}") = "Xamarin.Demo.App.iOS", "Xamarin.Demo.App\Xamarin.Demo.App.iOS\Xamarin.Demo.App.iOS.csproj", "{CC4A2CC0-7E70-4939-A763-F7F4074D16D0}"
EndProject
Project("{FAE04EC0-301F-11D3-BF4B-00C04F79EFBC}") = "Xamarin.Demo.App", "Xamarin.Demo.App\Xamarin.Demo.App\Xamarin.Demo.App.csproj", "{ED4B5631-BE90-4686-98FA-C57B70372F85}"
EndProject
Global
	GlobalSection(SolutionConfigurationPlatforms) = preSolution
		Debug|Any CPU = Debug|Any CPU
		Debug|ARM = Debug|ARM
		Debug|iPhone = Debug|iPhone
		Debug|iPhoneSimulator = Debug|iPhoneSimulator
		Debug|x64 = Debug|x64
		Debug|x86 = Debug|x86
		Release|Any CPU = Release|Any CPU
		Release|ARM = Release|ARM
		Release|iPhone = Release|iPhone
		Release|iPhoneSimulator = Release|iPhoneSimulator
		Release|x64 = Release|x64
		Release|x86 = Release|x86
	EndGlobalSection
	GlobalSection(ProjectConfigurationPlatforms) = postSolution
		{8E6A2494-EF52-424A-9427-C5E68A82E532}.Debug|Any CPU.ActiveCfg = Debug|x64
		{8E6A2494-EF52-424A-9427-C5E68A82E532}.Debug|Any CPU.Build.0 = Debug|x64
		{8E6A2494-EF52-424A-9427-C5E68A82E532}.Debug|Any CPU.Deploy.0 = Debug|x64
		{8E6A2494-EF52-424A-9427-C5E68A82E532}.Debug|ARM.ActiveCfg = Debug|ARM
		{8E6A2494-EF52-424A-9427-C5E68A82E532}.Debug|ARM.Build.0 = Debug|ARM
		{8E6A2494-EF52-424A-9427-C5E68A82E532}.Debug|ARM.Deploy.0 = Debug|ARM
		{8E6A2494-EF52-424A-9427-C5E68A82E532}.Debug|iPhone.ActiveCfg = Debug|x64
		{8E6A2494-EF52-424A-9427-C5E68A82E532}.Debug|iPhone.Build.0 = Debug|x64
		{8E6A2494-EF52-424A-9427-C5E68A82E532}.Debug|iPhone.Deploy.0 = Debug|x64
		{8E6A2494-EF52-424A-9427-C5E68A82E532}.Debug|iPhoneSimulator.ActiveCfg = Debug|x64
		{8E6A2494-EF52-424A-9427-C5E68A82E532}.Debug|iPhoneSimulator.Build.0 = Debug|x64
		{8E6A2494-EF52-424A-9427-C5E68A82E532}.Debug|iPhoneSimulator.Deploy.0 = Debug|x64
		{8E6A2494-EF52-424A-9427-C5E68A82E532}.Debug|x64.ActiveCfg = Debug|x64
		{8E6A2494-EF52-424A-9427-C5E68A82E532}.Debug|x64.Build.0 = Debug|x64
		{8E6A2494-EF52-424A-9427-C5E68A82E532}.Debug|x64.Deploy.0 = Debug|x64
		{8E6A2494-EF52-424A-9427-C5E68A82E532}.Debug|x86.ActiveCfg = Debug|x86
		{8E6A2494-EF52-424A-9427-C5E68A82E532}.Debug|x86.Build.0 = Debug|x86
		{8E6A2494-EF52-424A-9427-C5E68A82E532}.Debug|x86.Deploy.0 = Debug|x86
		{8E6A2494-EF52-424A-9427-C5E68A82E532}.Release|Any CPU.ActiveCfg = Release|x64
		{8E6A2494-EF52-424A-9427-C5E68A82E532}.Release|Any CPU.Build.0 = Release|x64
		{8E6A2494-EF52-424A-9427-C5E68A82E532}.Release|Any CPU.Deploy.0 = Release|x64
		{8E6A2494-EF52-424A-9427-C5E68A82E532}.Release|ARM.ActiveCfg = Release|ARM
		{8E6A2494-EF52-424A-9427-C5E68A82E532}.Release|ARM.Build.0 = Release|ARM
		{8E6A2494-EF52-424A-9427-C5E68A82E532}.Release|ARM.Deploy.0 = Release|ARM
		{8E6A2494-EF52-424A-9427-C5E68A82E532}.Release|iPhone.ActiveCfg = Release|x64
		{8E6A2494-EF52-424A-9427-C5E68A82E532}.Release|iPhone.Build.0 = Release|x64
		{8E6A2494-EF52-424A-9427-C5E68A82E532}.Release|iPhone.Deploy.0 = Release|x64
		{8E6A2494-EF52-424A-9427-C5E68A82E532}.Release|iPhoneSimulator.ActiveCfg = Release|x64
		{8E6A2494-EF52-424A-9427-C5E68A82E532}.Release|iPhoneSimulator.Build.0 = Release|x64
		{8E6A2494-EF52-424A-9427-C5E68A82E532}.Release|iPhoneSimulator.Deploy.0 = Release|x64
		{8E6A2494-EF52-424A-9427-C5E68A82E532}.Release|x64.ActiveCfg = Release|x64
		{8E6A2494-EF52-424A-9427-C5E68A82E532}.Release|x64.Build.0 = Release|x64
		{8E6A2494-EF52-424A-9427-C5E68A82E532}.Release|x64.Deploy.0 = Release|x64
		{8E6A2494-EF52-424A-9427-C5E68A82E532}.Release|x86.ActiveCfg = Release|x86
		{8E6A2494-EF52-424A-9427-C5E68A82E532}.Release|x86.Build.0 = Release|x86
		{8E6A2494-EF52-424A-9427-C5E68A82E532}.Release|x86.Deploy.0 = Release|x86
		{61644270-1EA3-4380-8519-7F6D045661D0}.Debug|Any CPU.ActiveCfg = Debug|Any CPU
		{61644270-1EA3-4380-8519-7F6D045661D0}.Debug|Any CPU.Build.0 = Debug|Any CPU
		{61644270-1EA3-4380-8519-7F6D045661D0}.Debug|Any CPU.Deploy.0 = Debug|Any CPU
		{61644270-1EA3-4380-8519-7F6D045661D0}.Debug|ARM.ActiveCfg = Debug|Any CPU
		{61644270-1EA3-4380-8519-7F6D045661D0}.Debug|ARM.Build.0 = Debug|Any CPU
		{61644270-1EA3-4380-8519-7F6D045661D0}.Debug|ARM.Deploy.0 = Debug|Any CPU
		{61644270-1EA3-4380-8519-7F6D045661D0}.Debug|iPhone.ActiveCfg = Debug|Any CPU
		{61644270-1EA3-4380-8519-7F6D045661D0}.Debug|iPhone.Build.0 = Debug|Any CPU
		{61644270-1EA3-4380-8519-7F6D045661D0}.Debug|iPhone.Deploy.0 = Debug|Any CPU
		{61644270-1EA3-4380-8519-7F6D045661D0}.Debug|iPhoneSimulator.ActiveCfg = Debug|Any CPU
		{61644270-1EA3-4380-8519-7F6D045661D0}.Debug|iPhoneSimulator.Build.0 = Debug|Any CPU
		{61644270-1EA3-4380-8519-7F6D045661D0}.Debug|iPhoneSimulator.Deploy.0 = Debug|Any CPU
		{61644270-1EA3-4380-8519-7F6D045661D0}.Debug|x64.ActiveCfg = Debug|Any CPU
		{61644270-1EA3-4380-8519-7F6D045661D0}.Debug|x64.Build.0 = Debug|Any CPU
		{61644270-1EA3-4380-8519-7F6D045661D0}.Debug|x64.Deploy.0 = Debug|Any CPU
		{61644270-1EA3-4380-8519-7F6D045661D0}.Debug|x86.ActiveCfg = Debug|Any CPU
		{61644270-1EA3-4380-8519-7F6D045661D0}.Debug|x86.Build.0 = Debug|Any CPU
		{61644270-1EA3-4380-8519-7F6D045661D0}.Debug|x86.Deploy.0 = Debug|Any CPU
		{61644270-1EA3-4380-8519-7F6D045661D0}.Release|Any CPU.ActiveCfg = Release|Any CPU
		{61644270-1EA3-4380-8519-7F6D045661D0}.Release|Any CPU.Build.0 = Release|Any CPU
		{61644270-1EA3-4380-8519-7F6D045661D0}.Release|Any CPU.Deploy.0 = Release|Any CPU
		{61644270-1EA3-4380-8519-7F6D045661D0}.Release|ARM.ActiveCfg = Release|Any CPU
		{61644270-1EA3-4380-8519-7F6D045661D0}.Release|ARM.Build.0 = Release|Any CPU
		{61644270-1EA3-4380-8519-7F6D045661D0}.Release|ARM.Deploy.0 = Release|Any CPU
		{61644270-1EA3-4380-8519-7F6D045661D0}.Release|iPhone.ActiveCfg = Release|Any CPU
		{61644270-1EA3-4380-8519-7F6D045661D0}.Release|iPhone.Build.0 = Release|Any CPU
		{61644270-1EA3-4380-8519-7F6D045661D0}.Release|iPhone.Deploy.0 = Release|Any CPU
		{61644270-1EA3-4380-8519-7F6D045661D0}.Release|iPhoneSimulator.ActiveCfg = Release|Any CPU
		{61644270-1EA3-4380-8519-7F6D045661D0}.Release|iPhoneSimulator.Build.0 = Release|Any CPU
		{61644270-1EA3-4380-8519-7F6D045661D0}.Release|iPhoneSimulator.Deploy.0 = Release|Any CPU
		{61644270-1EA3-4380-8519-7F6D045661D0}.Release|x64.ActiveCfg = Release|Any CPU
		{61644270-1EA3-4380-8519-7F6D045661D0}.Release|x64.Build.0 = Release|Any CPU
		{61644270-1EA3-4380-8519-7F6D045661D0}.Release|x64.Deploy.0 = Release|Any CPU
		{61644270-1EA3-4380-8519-7F6D045661D0}.Release|x86.ActiveCfg = Release|Any CPU
		{61644270-1EA3-4380-8519-7F6D045661D0}.Release|x86.Build.0 = Release|Any CPU
		{61644270-1EA3-4380-8519-7F6D045661D0}.Release|x86.Deploy.0 = Release|Any CPU
		{CC4A2CC0-7E70-4939-A763-F7F4074D16D0}.Debug|Any CPU.ActiveCfg = Debug|iPhoneSimulator
		{CC4A2CC0-7E70-4939-A763-F7F4074D16D0}.Debug|Any CPU.Build.0 = Debug|iPhoneSimulator
		{CC4A2CC0-7E70-4939-A763-F7F4074D16D0}.Debug|Any CPU.Deploy.0 = Debug|iPhoneSimulator
		{CC4A2CC0-7E70-4939-A763-F7F4074D16D0}.Debug|ARM.ActiveCfg = Debug|iPhoneSimulator
		{CC4A2CC0-7E70-4939-A763-F7F4074D16D0}.Debug|ARM.Build.0 = Debug|iPhoneSimulator
		{CC4A2CC0-7E70-4939-A763-F7F4074D16D0}.Debug|ARM.Deploy.0 = Debug|iPhoneSimulator
		{CC4A2CC0-7E70-4939-A763-F7F4074D16D0}.Debug|iPhone.ActiveCfg = Debug|iPhone
		{CC4A2CC0-7E70-4939-A763-F7F4074D16D0}.Debug|iPhone.Build.0 = Debug|iPhone
		{CC4A2CC0-7E70-4939-A763-F7F4074D16D0}.Debug|iPhone.Deploy.0 = Debug|iPhone
		{CC4A2CC0-7E70-4939-A763-F7F4074D16D0}.Debug|iPhoneSimulator.ActiveCfg = Debug|iPhoneSimulator
		{CC4A2CC0-7E70-4939-A763-F7F4074D16D0}.Debug|iPhoneSimulator.Build.0 = Debug|iPhoneSimulator
		{CC4A2CC0-7E70-4939-A763-F7F4074D16D0}.Debug|iPhoneSimulator.Deploy.0 = Debug|iPhoneSimulator
		{CC4A2CC0-7E70-4939-A763-F7F4074D16D0}.Debug|x64.ActiveCfg = Debug|iPhone
		{CC4A2CC0-7E70-4939-A763-F7F4074D16D0}.Debug|x64.Build.0 = Debug|iPhone
		{CC4A2CC0-7E70-4939-A763-F7F4074D16D0}.Debug|x64.Deploy.0 = Debug|iPhone
		{CC4A2CC0-7E70-4939-A763-F7F4074D16D0}.Debug|x86.ActiveCfg = Debug|iPhoneSimulator
		{CC4A2CC0-7E70-4939-A763-F7F4074D16D0}.Debug|x86.Build.0 = Debug|iPhoneSimulator
		{CC4A2CC0-7E70-4939-A763-F7F4074D16D0}.Debug|x86.Deploy.0 = Debug|iPhoneSimulator
		{CC4A2CC0-7E70-4939-A763-F7F4074D16D0}.Release|Any CPU.ActiveCfg = Release|iPhoneSimulator
		{CC4A2CC0-7E70-4939-A763-F7F4074D16D0}.Release|Any CPU.Build.0 = Release|iPhoneSimulator
		{CC4A2CC0-7E70-4939-A763-F7F4074D16D0}.Release|Any CPU.Deploy.0 = Release|iPhoneSimulator
		{CC4A2CC0-7E70-4939-A763-F7F4074D16D0}.Release|ARM.ActiveCfg = Release|iPhoneSimulator
		{CC4A2CC0-7E70-4939-A763-F7F4074D16D0}.Release|ARM.Build.0 = Release|iPhoneSimulator
		{CC4A2CC0-7E70-4939-A763-F7F4074D16D0}.Release|ARM.Deploy.0 = Release|iPhoneSimulator
		{CC4A2CC0-7E70-4939-A763-F7F4074D16D0}.Release|iPhone.ActiveCfg = Release|iPhone
		{CC4A2CC0-7E70-4939-A763-F7F4074D16D0}.Release|iPhone.Build.0 = Release|iPhone
		{CC4A2CC0-7E70-4939-A763-F7F4074D16D0}.Release|iPhone.Deploy.0 = Release|iPhone
		{CC4A2CC0-7E70-4939-A763-F7F4074D16D0}.Release|iPhoneSimulator.ActiveCfg = Release|iPhoneSimulator
		{CC4A2CC0-7E70-4939-A763-F7F4074D16D0}.Release|iPhoneSimulator.Build.0 = Release|iPhoneSimulator
		{CC4A2CC0-7E70-4939-A763-F7F4074D16D0}.Release|iPhoneSimulator.Deploy.0 = Release|iPhoneSimulator
		{CC4A2CC0-7E70-4939-A763-F7F4074D16D0}.Release|x64.ActiveCfg = Release|iPhoneSimulator
		{CC4A2CC0-7E70-4939-A763-F7F4074D16D0}.Release|x64.Build.0 = Release|iPhoneSimulator
		{CC4A2CC0-7E70-4939-A763-F7F4074D16D0}.Release|x64.Deploy.0 = Release|iPhoneSimulator
		{CC4A2CC0-7E70-4939-A763-F7F4074D16D0}.Release|x86.ActiveCfg = Release|iPhoneSimulator
		{CC4A2CC0-7E70-4939-A763-F7F4074D16D0}.Release|x86.Build.0 = Release|iPhoneSimulator
		{CC4A2CC0-7E70-4939-A763-F7F4074D16D0}.Release|x86.Deploy.0 = Release|iPhoneSimulator
		{ED4B5631-BE90-4686-98FA-C57B70372F85}.Debug|Any CPU.ActiveCfg = Debug|Any CPU
		{ED4B5631-BE90-4686-98FA-C57B70372F85}.Debug|Any CPU.Build.0 = Debug|Any CPU
		{ED4B5631-BE90-4686-98FA-C57B70372F85}.Debug|Any CPU.Deploy.0 = Debug|Any CPU
		{ED4B5631-BE90-4686-98FA-C57B70372F85}.Debug|ARM.ActiveCfg = Debug|Any CPU
		{ED4B5631-BE90-4686-98FA-C57B70372F85}.Debug|ARM.Build.0 = Debug|Any CPU
		{ED4B5631-BE90-4686-98FA-C57B70372F85}.Debug|ARM.Deploy.0 = Debug|Any CPU
		{ED4B5631-BE90-4686-98FA-C57B70372F85}.Debug|iPhone.ActiveCfg = Debug|Any CPU
		{ED4B5631-BE90-4686-98FA-C57B70372F85}.Debug|iPhone.Build.0 = Debug|Any CPU
		{ED4B5631-BE90-4686-98FA-C57B70372F85}.Debug|iPhone.Deploy.0 = Debug|Any CPU
		{ED4B5631-BE90-4686-98FA-C57B70372F85}.Debug|iPhoneSimulator.ActiveCfg = Debug|Any CPU
		{ED4B5631-BE90-4686-98FA-C57B70372F85}.Debug|iPhoneSimulator.Build.0 = Debug|Any CPU
		{ED4B5631-BE90-4686-98FA-C57B70372F85}.Debug|iPhoneSimulator.Deploy.0 = Debug|Any CPU
		{ED4B5631-BE90-4686-98FA-C57B70372F85}.Debug|x64.ActiveCfg = Debug|Any CPU
		{ED4B5631-BE90-4686-98FA-C57B70372F85}.Debug|x64.Build.0 = Debug|Any CPU
		{ED4B5631-BE90-4686-98FA-C57B70372F85}.Debug|x64.Deploy.0 = Debug|Any CPU
		{ED4B5631-BE90-4686-98FA-C57B70372F85}.Debug|x86.ActiveCfg = Debug|Any CPU
		{ED4B5631-BE90-4686-98FA-C57B70372F85}.Debug|x86.Build.0 = Debug|Any CPU
		{ED4B5631-BE90-4686-98FA-C57B70372F85}.Debug|x86.Deploy.0 = Debug|Any CPU
		{ED4B5631-BE90-4686-98FA-C57B70372F85}.Release|Any CPU.ActiveCfg = Release|Any CPU
		{ED4B5631-BE90-4686-98FA-C57B70372F85}.Release|Any CPU.Build.0 = Release|Any CPU
		{ED4B5631-BE90-4686-98FA-C57B70372F85}.Release|Any CPU.Deploy.0 = Release|Any CPU
		{ED4B5631-BE90-4686-98FA-C57B70372F85}.Release|ARM.ActiveCfg = Release|Any CPU
		{ED4B5631-BE90-4686-98FA-C57B70372F85}.Release|ARM.Build.0 = Release|Any CPU
		{ED4B5631-BE90-4686-98FA-C57B70372F85}.Release|ARM.Deploy.0 = Release|Any CPU
		{ED4B5631-BE90-4686-98FA-C57B70372F85}.Release|iPhone.ActiveCfg = Release|Any CPU
		{ED4B5631-BE90-4686-98FA-C57B70372F85}.Release|iPhone.Build.0 = Release|Any CPU
		{ED4B5631-BE90-4686-98FA-C57B70372F85}.Release|iPhone.Deploy.0 = Release|Any CPU
		{ED4B5631-BE90-4686-98FA-C57B70372F85}.Release|iPhoneSimulator.ActiveCfg = Release|Any CPU
		{ED4B5631-BE90-4686-98FA-C57B70372F85}.Release|iPhoneSimulator.Build.0 = Release|Any CPU
		{ED4B5631-BE90-4686-98FA-C57B70372F85}.Release|iPhoneSimulator.Deploy.0 = Release|Any CPU
		{ED4B5631-BE90-4686-98FA-C57B70372F85}.Release|x64.ActiveCfg = Release|Any CPU
		{ED4B5631-BE90-4686-98FA-C57B70372F85}.Release|x64.Build.0 = Release|Any CPU
		{ED4B5631-BE90-4686-98FA-C57B70372F85}.Release|x64.Deploy.0 = Release|Any CPU
		{ED4B5631-BE90-4686-98FA-C57B70372F85}.Release|x86.ActiveCfg = Release|Any CPU
		{ED4B5631-BE90-4686-98FA-C57B70372F85}.Release|x86.Build.0 = Release|Any CPU
		{ED4B5631-BE90-4686-98FA-C57B70372F85}.Release|x86.Deploy.0 = Release|Any CPU
	EndGlobalSection
	GlobalSection(SolutionProperties) = preSolution
		HideSolutionNode = FALSE
	EndGlobalSection
	GlobalSection(ExtensibilityGlobals) = postSolution
		SolutionGuid = {40C58ACF-9E55-4073-9565-8766D065DEA2}
	EndGlobalSection
EndGlobal
